
Microsoft Visual Studio Solution File, Format Version 12.00
# Visual Studio 15
VisualStudioVersion = 15.0.28307.421
MinimumVisualStudioVersion = 10.0.40219.1
Project("{FAE04EC0-301F-11D3-BF4B-00C04F79EFBC}") = "HelloWorld", "HelloWorld\HelloWorld.csproj", "{CC4259FD-959A-4B8D-B042-4FA45D90003F}"
EndProject
Project("{FAE04EC0-301F-11D3-BF4B-00C04F79EFBC}") = "Database", "Database\Database.csproj", "{C7A337EF-129A-4BF1-92CB-3BE2D2825167}"
EndProject
Project("{FAE04EC0-301F-11D3-BF4B-00C04F79EFBC}") = "Echart", "Echart\Echart.csproj", "{F08CB1E5-63E9-4223-88AB-B5E57D647505}"
EndProject
Project("{FAE04EC0-301F-11D3-BF4B-00C04F79EFBC}") = "Main", "Main\Main.csproj", "{811923EA-F035-4966-8CAB-E141645F860E}"
EndProject
Project("{FAE04EC0-301F-11D3-BF4B-00C04F79EFBC}") = "WordSegmenter", "WordSegmenter\WordSegmenter.csproj", "{5F59C323-94E3-4AA5-8BA0-46FD19B32E7C}"
EndProject
Project("{FAE04EC0-301F-11D3-BF4B-00C04F79EFBC}") = "ProjectCrawler", "Crawler\ProjectCrawler.csproj", "{4E4D7087-CBB5-4DAD-B8D0-A5CCEB8168BB}"
EndProject
Global
	GlobalSection(SolutionConfigurationPlatforms) = preSolution
		Debug|Any CPU = Debug|Any CPU
		Release|Any CPU = Release|Any CPU
	EndGlobalSection
	GlobalSection(ProjectConfigurationPlatforms) = postSolution
		{CC4259FD-959A-4B8D-B042-4FA45D90003F}.Debug|Any CPU.ActiveCfg = Debug|Any CPU
		{CC4259FD-959A-4B8D-B042-4FA45D90003F}.Debug|Any CPU.Build.0 = Debug|Any CPU
		{CC4259FD-959A-4B8D-B042-4FA45D90003F}.Release|Any CPU.ActiveCfg = Release|Any CPU
		{CC4259FD-959A-4B8D-B042-4FA45D90003F}.Release|Any CPU.Build.0 = Release|Any CPU
		{C7A337EF-129A-4BF1-92CB-3BE2D2825167}.Debug|Any CPU.ActiveCfg = Debug|Any CPU
		{C7A337EF-129A-4BF1-92CB-3BE2D2825167}.Debug|Any CPU.Build.0 = Debug|Any CPU
		{C7A337EF-129A-4BF1-92CB-3BE2D2825167}.Release|Any CPU.ActiveCfg = Release|Any CPU
		{C7A337EF-129A-4BF1-92CB-3BE2D2825167}.Release|Any CPU.Build.0 = Release|Any CPU
		{F08CB1E5-63E9-4223-88AB-B5E57D647505}.Debug|Any CPU.ActiveCfg = Debug|Any CPU
		{F08CB1E5-63E9-4223-88AB-B5E57D647505}.Debug|Any CPU.Build.0 = Debug|Any CPU
		{F08CB1E5-63E9-4223-88AB-B5E57D647505}.Release|Any CPU.ActiveCfg = Release|Any CPU
		{F08CB1E5-63E9-4223-88AB-B5E57D647505}.Release|Any CPU.Build.0 = Release|Any CPU
		{811923EA-F035-4966-8CAB-E141645F860E}.Debug|Any CPU.ActiveCfg = Debug|Any CPU
		{811923EA-F035-4966-8CAB-E141645F860E}.Debug|Any CPU.Build.0 = Debug|Any CPU
		{811923EA-F035-4966-8CAB-E141645F860E}.Release|Any CPU.ActiveCfg = Release|Any CPU
		{811923EA-F035-4966-8CAB-E141645F860E}.Release|Any CPU.Build.0 = Release|Any CPU
		{5F59C323-94E3-4AA5-8BA0-46FD19B32E7C}.Debug|Any CPU.ActiveCfg = Debug|Any CPU
		{5F59C323-94E3-4AA5-8BA0-46FD19B32E7C}.Debug|Any CPU.Build.0 = Debug|Any CPU
		{5F59C323-94E3-4AA5-8BA0-46FD19B32E7C}.Release|Any CPU.ActiveCfg = Release|Any CPU
		{5F59C323-94E3-4AA5-8BA0-46FD19B32E7C}.Release|Any CPU.Build.0 = Release|Any CPU
		{4E4D7087-CBB5-4DAD-B8D0-A5CCEB8168BB}.Debug|Any CPU.ActiveCfg = Debug|Any CPU
		{4E4D7087-CBB5-4DAD-B8D0-A5CCEB8168BB}.Debug|Any CPU.Build.0 = Debug|Any CPU
		{4E4D7087-CBB5-4DAD-B8D0-A5CCEB8168BB}.Release|Any CPU.ActiveCfg = Release|Any CPU
		{4E4D7087-CBB5-4DAD-B8D0-A5CCEB8168BB}.Release|Any CPU.Build.0 = Release|Any CPU
	EndGlobalSection
	GlobalSection(SolutionProperties) = preSolution
		HideSolutionNode = FALSE
	EndGlobalSection
	GlobalSection(ExtensibilityGlobals) = postSolution
		SolutionGuid = {73608569-905B-4DCF-87B3-C1C5323A60B2}
	EndGlobalSection
EndGlobal
